<?xml version="1.0" encoding="utf-8"?>
<Project ToolsVersion="4.0" xmlns="http://schemas.microsoft.com/developer/msbuild/2003">
  <ItemGroup>
    <ClInclude Include="targetver.h" />
  </ItemGroup>
  <ItemGroup>
    <None Include="q2.qasm" />
    <None Include="QFT.qasm" />
    <None Include="Shor.qasm" />
  </ItemGroup>
  <ItemGroup>
    <Filter Include="Src">
      <UniqueIdentifier>{56310e7c-3063-4ae4-9d3e-c0b120c6259b}</UniqueIdentifier>
    </Filter>
  </ItemGroup>
  <ItemGroup>
    <ClCompile Include="Quanto.cpp">
      <Filter>Src</Filter>
    </ClCompile>
  </ItemGroup>
</Project>